// !$*UTF8*$!
{
	archiveVersion = 1;
	classes = {
	};
	objectVersion = 56;
	objects = {

/* Begin PBXBuildFile section */
		F0D75B80296AD05A00009D26 /* AppDelegate.swift in Sources */ = {isa = PBXBuildFile; fileRef = F0D75B7F296AD05A00009D26 /* AppDelegate.swift */; };
		F0D75B82296AD05A00009D26 /* SceneDelegate.swift in Sources */ = {isa = PBXBuildFile; fileRef = F0D75B81296AD05A00009D26 /* SceneDelegate.swift */; };
		F0D75B84296AD05A00009D26 /* MainTabBarViewController.swift in Sources */ = {isa = PBXBuildFile; fileRef = F0D75B83296AD05A00009D26 /* MainTabBarViewController.swift */; };
		F0D75B89296AD05B00009D26 /* Assets.xcassets in Resources */ = {isa = PBXBuildFile; fileRef = F0D75B88296AD05B00009D26 /* Assets.xcassets */; };
		F0D75B8C296AD05B00009D26 /* LaunchScreen.storyboard in Resources */ = {isa = PBXBuildFile; fileRef = F0D75B8A296AD05B00009D26 /* LaunchScreen.storyboard */; };
		F0D75B95296AD25900009D26 /* HomeViewController.swift in Sources */ = {isa = PBXBuildFile; fileRef = F0D75B94296AD25900009D26 /* HomeViewController.swift */; };
		F0D75B97296AD27F00009D26 /* UpComingViewController.swift in Sources */ = {isa = PBXBuildFile; fileRef = F0D75B96296AD27F00009D26 /* UpComingViewController.swift */; };
		F0D75B99296AD2A300009D26 /* SearchViewController.swift in Sources */ = {isa = PBXBuildFile; fileRef = F0D75B98296AD2A300009D26 /* SearchViewController.swift */; };
		F0D75B9B296AD2BD00009D26 /* DownloadsViewController.swift in Sources */ = {isa = PBXBuildFile; fileRef = F0D75B9A296AD2BD00009D26 /* DownloadsViewController.swift */; };
		F0D75BA2296AD8D900009D26 /* CollectionViewTableViewCell.swift in Sources */ = {isa = PBXBuildFile; fileRef = F0D75BA1296AD8D900009D26 /* CollectionViewTableViewCell.swift */; };
		F0D75BA4296AE76E00009D26 /* HeroHeaderUIView.swift in Sources */ = {isa = PBXBuildFile; fileRef = F0D75BA3296AE76E00009D26 /* HeroHeaderUIView.swift */; };
		F0D75BA6296B0AD100009D26 /* APICaller.swift in Sources */ = {isa = PBXBuildFile; fileRef = F0D75BA5296B0AD100009D26 /* APICaller.swift */; };
		F0D75BA8296B0E3700009D26 /* Movie.swift in Sources */ = {isa = PBXBuildFile; fileRef = F0D75BA7296B0E3700009D26 /* Movie.swift */; };
		F0D75BAA296B112B00009D26 /* Extension.swift in Sources */ = {isa = PBXBuildFile; fileRef = F0D75BA9296B112B00009D26 /* Extension.swift */; };
		F0D75BAC296B13B200009D26 /* Tv.swift in Sources */ = {isa = PBXBuildFile; fileRef = F0D75BAB296B13B200009D26 /* Tv.swift */; };
/* End PBXBuildFile section */

/* Begin PBXFileReference section */
		F0D75B7C296AD05A00009D26 /* Netflix Clone.app */ = {isa = PBXFileReference; explicitFileType = wrapper.application; includeInIndex = 0; path = "Netflix Clone.app"; sourceTree = BUILT_PRODUCTS_DIR; };
		F0D75B7F296AD05A00009D26 /* AppDelegate.swift */ = {isa = PBXFileReference; lastKnownFileType = sourcecode.swift; path = AppDelegate.swift; sourceTree = "<group>"; };
		F0D75B81296AD05A00009D26 /* SceneDelegate.swift */ = {isa = PBXFileReference; lastKnownFileType = sourcecode.swift; path = SceneDelegate.swift; sourceTree = "<group>"; };
		F0D75B83296AD05A00009D26 /* MainTabBarViewController.swift */ = {isa = PBXFileReference; lastKnownFileType = sourcecode.swift; path = MainTabBarViewController.swift; sourceTree = "<group>"; };
		F0D75B88296AD05B00009D26 /* Assets.xcassets */ = {isa = PBXFileReference; lastKnownFileType = folder.assetcatalog; path = Assets.xcassets; sourceTree = "<group>"; };
		F0D75B8B296AD05B00009D26 /* Base */ = {isa = PBXFileReference; lastKnownFileType = file.storyboard; name = Base; path = Base.lproj/LaunchScreen.storyboard; sourceTree = "<group>"; };
		F0D75B8D296AD05B00009D26 /* Info.plist */ = {isa = PBXFileReference; lastKnownFileType = text.plist.xml; path = Info.plist; sourceTree = "<group>"; };
		F0D75B94296AD25900009D26 /* HomeViewController.swift */ = {isa = PBXFileReference; lastKnownFileType = sourcecode.swift; path = HomeViewController.swift; sourceTree = "<group>"; };
		F0D75B96296AD27F00009D26 /* UpComingViewController.swift */ = {isa = PBXFileReference; lastKnownFileType = sourcecode.swift; path = UpComingViewController.swift; sourceTree = "<group>"; };
		F0D75B98296AD2A300009D26 /* SearchViewController.swift */ = {isa = PBXFileReference; lastKnownFileType = sourcecode.swift; path = SearchViewController.swift; sourceTree = "<group>"; };
		F0D75B9A296AD2BD00009D26 /* DownloadsViewController.swift */ = {isa = PBXFileReference; lastKnownFileType = sourcecode.swift; path = DownloadsViewController.swift; sourceTree = "<group>"; };
		F0D75BA1296AD8D900009D26 /* CollectionViewTableViewCell.swift */ = {isa = PBXFileReference; lastKnownFileType = sourcecode.swift; path = CollectionViewTableViewCell.swift; sourceTree = "<group>"; };
		F0D75BA3296AE76E00009D26 /* HeroHeaderUIView.swift */ = {isa = PBXFileReference; lastKnownFileType = sourcecode.swift; path = HeroHeaderUIView.swift; sourceTree = "<group>"; };
		F0D75BA5296B0AD100009D26 /* APICaller.swift */ = {isa = PBXFileReference; lastKnownFileType = sourcecode.swift; path = APICaller.swift; sourceTree = "<group>"; };
		F0D75BA7296B0E3700009D26 /* Movie.swift */ = {isa = PBXFileReference; lastKnownFileType = sourcecode.swift; path = Movie.swift; sourceTree = "<group>"; };
		F0D75BA9296B112B00009D26 /* Extension.swift */ = {isa = PBXFileReference; lastKnownFileType = sourcecode.swift; path = Extension.swift; sourceTree = "<group>"; };
		F0D75BAB296B13B200009D26 /* Tv.swift */ = {isa = PBXFileReference; lastKnownFileType = sourcecode.swift; path = Tv.swift; sourceTree = "<group>"; };
/* End PBXFileReference section */

/* Begin PBXFrameworksBuildPhase section */
		F0D75B79296AD05A00009D26 /* Frameworks */ = {
			isa = PBXFrameworksBuildPhase;
			buildActionMask = 2147483647;
			files = (
			);
			runOnlyForDeploymentPostprocessing = 0;
		};
/* End PBXFrameworksBuildPhase section */

/* Begin PBXGroup section */
		F0D75B73296AD05A00009D26 = {
			isa = PBXGroup;
			children = (
				F0D75B7E296AD05A00009D26 /* Netflix Clone */,
				F0D75B7D296AD05A00009D26 /* Products */,
			);
			sourceTree = "<group>";
		};
		F0D75B7D296AD05A00009D26 /* Products */ = {
			isa = PBXGroup;
			children = (
				F0D75B7C296AD05A00009D26 /* Netflix Clone.app */,
			);
			name = Products;
			sourceTree = "<group>";
		};
		F0D75B7E296AD05A00009D26 /* Netflix Clone */ = {
			isa = PBXGroup;
			children = (
				F0D75BA0296AD8A600009D26 /* Managers */,
				F0D75B9F296AD89D00009D26 /* Resources */,
				F0D75B9E296AD86400009D26 /* Models */,
				F0D75B9C296AD85400009D26 /* Views */,
				F0D75B9D296AD85C00009D26 /* ViewModels */,
				F0D75B93296AD23A00009D26 /* Controllers */,
				F0D75B7F296AD05A00009D26 /* AppDelegate.swift */,
				F0D75B81296AD05A00009D26 /* SceneDelegate.swift */,
				F0D75B83296AD05A00009D26 /* MainTabBarViewController.swift */,
				F0D75B88296AD05B00009D26 /* Assets.xcassets */,
				F0D75B8A296AD05B00009D26 /* LaunchScreen.storyboard */,
				F0D75B8D296AD05B00009D26 /* Info.plist */,
			);
			path = "Netflix Clone";
			sourceTree = "<group>";
		};
		F0D75B93296AD23A00009D26 /* Controllers */ = {
			isa = PBXGroup;
			children = (
				F0D75B94296AD25900009D26 /* HomeViewController.swift */,
				F0D75B96296AD27F00009D26 /* UpComingViewController.swift */,
				F0D75B98296AD2A300009D26 /* SearchViewController.swift */,
				F0D75B9A296AD2BD00009D26 /* DownloadsViewController.swift */,
			);
			path = Controllers;
			sourceTree = "<group>";
		};
		F0D75B9C296AD85400009D26 /* Views */ = {
			isa = PBXGroup;
			children = (
				F0D75BA1296AD8D900009D26 /* CollectionViewTableViewCell.swift */,
				F0D75BA3296AE76E00009D26 /* HeroHeaderUIView.swift */,
			);
			path = Views;
			sourceTree = "<group>";
		};
		F0D75B9D296AD85C00009D26 /* ViewModels */ = {
			isa = PBXGroup;
			children = (
			);
			path = ViewModels;
			sourceTree = "<group>";
		};
		F0D75B9E296AD86400009D26 /* Models */ = {
			isa = PBXGroup;
			children = (
				F0D75BA7296B0E3700009D26 /* Movie.swift */,
				F0D75BAB296B13B200009D26 /* Tv.swift */,
			);
			path = Models;
			sourceTree = "<group>";
		};
		F0D75B9F296AD89D00009D26 /* Resources */ = {
			isa = PBXGroup;
			children = (
				F0D75BA9296B112B00009D26 /* Extension.swift */,
			);
			path = Resources;
			sourceTree = "<group>";
		};
		F0D75BA0296AD8A600009D26 /* Managers */ = {
			isa = PBXGroup;
			children = (
				F0D75BA5296B0AD100009D26 /* APICaller.swift */,
			);
			path = Managers;
			sourceTree = "<group>";
		};
/* End PBXGroup section */

/* Begin PBXNativeTarget section */
		F0D75B7B296AD05A00009D26 /* Netflix Clone */ = {
			isa = PBXNativeTarget;
			buildConfigurationList = F0D75B90296AD05B00009D26 /* Build configuration list for PBXNativeTarget "Netflix Clone" */;
			buildPhases = (
				F0D75B78296AD05A00009D26 /* Sources */,
				F0D75B79296AD05A00009D26 /* Frameworks */,
				F0D75B7A296AD05A00009D26 /* Resources */,
			);
			buildRules = (
			);
			dependencies = (
			);
			name = "Netflix Clone";
			productName = "Netflix Clone";
			productReference = F0D75B7C296AD05A00009D26 /* Netflix Clone.app */;
			productType = "com.apple.product-type.application";
		};
/* End PBXNativeTarget section */

/* Begin PBXProject section */
		F0D75B74296AD05A00009D26 /* Project object */ = {
			isa = PBXProject;
			attributes = {
				BuildIndependentTargetsInParallel = 1;
				LastSwiftUpdateCheck = 1410;
				LastUpgradeCheck = 1410;
				TargetAttributes = {
					F0D75B7B296AD05A00009D26 = {
						CreatedOnToolsVersion = 14.1;
					};
				};
			};
			buildConfigurationList = F0D75B77296AD05A00009D26 /* Build configuration list for PBXProject "Netflix Clone" */;
			compatibilityVersion = "Xcode 14.0";
			developmentRegion = en;
			hasScannedForEncodings = 0;
			knownRegions = (
				en,
				Base,
			);
			mainGroup = F0D75B73296AD05A00009D26;
			productRefGroup = F0D75B7D296AD05A00009D26 /* Products */;
			projectDirPath = "";
			projectRoot = "";
			targets = (
				F0D75B7B296AD05A00009D26 /* Netflix Clone */,
			);
		};
/* End PBXProject section */

/* Begin PBXResourcesBuildPhase section */
		F0D75B7A296AD05A00009D26 /* Resources */ = {
			isa = PBXResourcesBuildPhase;
			buildActionMask = 2147483647;
			files = (
				F0D75B8C296AD05B00009D26 /* LaunchScreen.storyboard in Resources */,
				F0D75B89296AD05B00009D26 /* Assets.xcassets in Resources */,
			);
			runOnlyForDeploymentPostprocessing = 0;
		};
/* End PBXResourcesBuildPhase section */

/* Begin PBXSourcesBuildPhase section */
		F0D75B78296AD05A00009D26 /* Sources */ = {
			isa = PBXSourcesBuildPhase;
			buildActionMask = 2147483647;
			files = (
				F0D75B99296AD2A300009D26 /* SearchViewController.swift in Sources */,
				F0D75B84296AD05A00009D26 /* MainTabBarViewController.swift in Sources */,
				F0D75BA2296AD8D900009D26 /* CollectionViewTableViewCell.swift in Sources */,
				F0D75BAA296B112B00009D26 /* Extension.swift in Sources */,
				F0D75BA6296B0AD100009D26 /* APICaller.swift in Sources */,
				F0D75BA4296AE76E00009D26 /* HeroHeaderUIView.swift in Sources */,
				F0D75B9B296AD2BD00009D26 /* DownloadsViewController.swift in Sources */,
				F0D75B80296AD05A00009D26 /* AppDelegate.swift in Sources */,
				F0D75B97296AD27F00009D26 /* UpComingViewController.swift in Sources */,
				F0D75B82296AD05A00009D26 /* SceneDelegate.swift in Sources */,
				F0D75BA8296B0E3700009D26 /* Movie.swift in Sources */,
				F0D75BAC296B13B200009D26 /* Tv.swift in Sources */,
				F0D75B95296AD25900009D26 /* HomeViewController.swift in Sources */,
			);
			runOnlyForDeploymentPostprocessing = 0;
		};
/* End PBXSourcesBuildPhase section */

/* Begin PBXVariantGroup section */
		F0D75B8A296AD05B00009D26 /* LaunchScreen.storyboard */ = {
			isa = PBXVariantGroup;
			children = (
				F0D75B8B296AD05B00009D26 /* Base */,
			);
			name = LaunchScreen.storyboard;
			sourceTree = "<group>";
		};
/* End PBXVariantGroup section */

/* Begin XCBuildConfiguration section */
		F0D75B8E296AD05B00009D26 /* Debug */ = {
			isa = XCBuildConfiguration;
			buildSettings = {
				ALWAYS_SEARCH_USER_PATHS = NO;
				CLANG_ANALYZER_NONNULL = YES;
				CLANG_ANALYZER_NUMBER_OBJECT_CONVERSION = YES_AGGRESSIVE;
				CLANG_CXX_LANGUAGE_STANDARD = "gnu++20";
				CLANG_ENABLE_MODULES = YES;
				CLANG_ENABLE_OBJC_ARC = YES;
				CLANG_ENABLE_OBJC_WEAK = YES;
				CLANG_WARN_BLOCK_CAPTURE_AUTORELEASING = YES;
				CLANG_WARN_BOOL_CONVERSION = YES;
				CLANG_WARN_COMMA = YES;
				CLANG_WARN_CONSTANT_CONVERSION = YES;
				CLANG_WARN_DEPRECATED_OBJC_IMPLEMENTATIONS = YES;
				CLANG_WARN_DIRECT_OBJC_ISA_USAGE = YES_ERROR;
				CLANG_WARN_DOCUMENTATION_COMMENTS = YES;
				CLANG_WARN_EMPTY_BODY = YES;
				CLANG_WARN_ENUM_CONVERSION = YES;
				CLANG_WARN_INFINITE_RECURSION = YES;
				CLANG_WARN_INT_CONVERSION = YES;
				CLANG_WARN_NON_LITERAL_NULL_CONVERSION = YES;
				CLANG_WARN_OBJC_IMPLICIT_RETAIN_SELF = YES;
				CLANG_WARN_OBJC_LITERAL_CONVERSION = YES;
				CLANG_WARN_OBJC_ROOT_CLASS = YES_ERROR;
				CLANG_WARN_QUOTED_INCLUDE_IN_FRAMEWORK_HEADER = YES;
				CLANG_WARN_RANGE_LOOP_ANALYSIS = YES;
				CLANG_WARN_STRICT_PROTOTYPES = YES;
				CLANG_WARN_SUSPICIOUS_MOVE = YES;
				CLANG_WARN_UNGUARDED_AVAILABILITY = YES_AGGRESSIVE;
				CLANG_WARN_UNREACHABLE_CODE = YES;
				CLANG_WARN__DUPLICATE_METHOD_MATCH = YES;
				COPY_PHASE_STRIP = NO;
				DEBUG_INFORMATION_FORMAT = dwarf;
				ENABLE_STRICT_OBJC_MSGSEND = YES;
				ENABLE_TESTABILITY = YES;
				GCC_C_LANGUAGE_STANDARD = gnu11;
				GCC_DYNAMIC_NO_PIC = NO;
				GCC_NO_COMMON_BLOCKS = YES;
				GCC_OPTIMIZATION_LEVEL = 0;
				GCC_PREPROCESSOR_DEFINITIONS = (
					"DEBUG=1",
					"$(inherited)",
				);
				GCC_WARN_64_TO_32_BIT_CONVERSION = YES;
				GCC_WARN_ABOUT_RETURN_TYPE = YES_ERROR;
				GCC_WARN_UNDECLARED_SELECTOR = YES;
				GCC_WARN_UNINITIALIZED_AUTOS = YES_AGGRESSIVE;
				GCC_WARN_UNUSED_FUNCTION = YES;
				GCC_WARN_UNUSED_VARIABLE = YES;
				IPHONEOS_DEPLOYMENT_TARGET = 16.1;
				MTL_ENABLE_DEBUG_INFO = INCLUDE_SOURCE;
				MTL_FAST_MATH = YES;
				ONLY_ACTIVE_ARCH = YES;
				SDKROOT = iphoneos;
				SWIFT_ACTIVE_COMPILATION_CONDITIONS = DEBUG;
				SWIFT_OPTIMIZATION_LEVEL = "-Onone";
			};
			name = Debug;
		};
		F0D75B8F296AD05B00009D26 /* Release */ = {
			isa = XCBuildConfiguration;
			buildSettings = {
				ALWAYS_SEARCH_USER_PATHS = NO;
				CLANG_ANALYZER_NONNULL = YES;
				CLANG_ANALYZER_NUMBER_OBJECT_CONVERSION = YES_AGGRESSIVE;
				CLANG_CXX_LANGUAGE_STANDARD = "gnu++20";
				CLANG_ENABLE_MODULES = YES;
				CLANG_ENABLE_OBJC_ARC = YES;
				CLANG_ENABLE_OBJC_WEAK = YES;
				CLANG_WARN_BLOCK_CAPTURE_AUTORELEASING = YES;
				CLANG_WARN_BOOL_CONVERSION = YES;
				CLANG_WARN_COMMA = YES;
				CLANG_WARN_CONSTANT_CONVERSION = YES;
				CLANG_WARN_DEPRECATED_OBJC_IMPLEMENTATIONS = YES;
				CLANG_WARN_DIRECT_OBJC_ISA_USAGE = YES_ERROR;
				CLANG_WARN_DOCUMENTATION_COMMENTS = YES;
				CLANG_WARN_EMPTY_BODY = YES;
				CLANG_WARN_ENUM_CONVERSION = YES;
				CLANG_WARN_INFINITE_RECURSION = YES;
				CLANG_WARN_INT_CONVERSION = YES;
				CLANG_WARN_NON_LITERAL_NULL_CONVERSION = YES;
				CLANG_WARN_OBJC_IMPLICIT_RETAIN_SELF = YES;
				CLANG_WARN_OBJC_LITERAL_CONVERSION = YES;
				CLANG_WARN_OBJC_ROOT_CLASS = YES_ERROR;
				CLANG_WARN_QUOTED_INCLUDE_IN_FRAMEWORK_HEADER = YES;
				CLANG_WARN_RANGE_LOOP_ANALYSIS = YES;
				CLANG_WARN_STRICT_PROTOTYPES = YES;
				CLANG_WARN_SUSPICIOUS_MOVE = YES;
				CLANG_WARN_UNGUARDED_AVAILABILITY = YES_AGGRESSIVE;
				CLANG_WARN_UNREACHABLE_CODE = YES;
				CLANG_WARN__DUPLICATE_METHOD_MATCH = YES;
				COPY_PHASE_STRIP = NO;
				DEBUG_INFORMATION_FORMAT = "dwarf-with-dsym";
				ENABLE_NS_ASSERTIONS = NO;
				ENABLE_STRICT_OBJC_MSGSEND = YES;
				GCC_C_LANGUAGE_STANDARD = gnu11;
				GCC_NO_COMMON_BLOCKS = YES;
				GCC_WARN_64_TO_32_BIT_CONVERSION = YES;
				GCC_WARN_ABOUT_RETURN_TYPE = YES_ERROR;
				GCC_WARN_UNDECLARED_SELECTOR = YES;
				GCC_WARN_UNINITIALIZED_AUTOS = YES_AGGRESSIVE;
				GCC_WARN_UNUSED_FUNCTION = YES;
				GCC_WARN_UNUSED_VARIABLE = YES;
				IPHONEOS_DEPLOYMENT_TARGET = 16.1;
				MTL_ENABLE_DEBUG_INFO = NO;
				MTL_FAST_MATH = YES;
				SDKROOT = iphoneos;
				SWIFT_COMPILATION_MODE = wholemodule;
				SWIFT_OPTIMIZATION_LEVEL = "-O";
				VALIDATE_PRODUCT = YES;
			};
			name = Release;
		};
		F0D75B91296AD05B00009D26 /* Debug */ = {
			isa = XCBuildConfiguration;
			buildSettings = {
				ASSETCATALOG_COMPILER_APPICON_NAME = AppIcon;
				ASSETCATALOG_COMPILER_GLOBAL_ACCENT_COLOR_NAME = AccentColor;
				CODE_SIGN_STYLE = Automatic;
				CURRENT_PROJECT_VERSION = 1;
				DEVELOPMENT_TEAM = 775TRJCG6B;
				GENERATE_INFOPLIST_FILE = YES;
				INFOPLIST_FILE = "Netflix Clone/Info.plist";
				INFOPLIST_KEY_UIApplicationSupportsIndirectInputEvents = YES;
				INFOPLIST_KEY_UILaunchStoryboardName = LaunchScreen;
				INFOPLIST_KEY_UISupportedInterfaceOrientations_iPad = "UIInterfaceOrientationPortrait UIInterfaceOrientationPortraitUpsideDown UIInterfaceOrientationLandscapeLeft UIInterfaceOrientationLandscapeRight";
				INFOPLIST_KEY_UISupportedInterfaceOrientations_iPhone = "UIInterfaceOrientationPortrait UIInterfaceOrientationLandscapeLeft UIInterfaceOrientationLandscapeRight";
				LD_RUNPATH_SEARCH_PATHS = (
					"$(inherited)",
					"@executable_path/Frameworks",
				);
				MARKETING_VERSION = 1.0;
				PRODUCT_BUNDLE_IDENTIFIER = "com.umutbariscoskun.Netflix-Clone";
				PRODUCT_NAME = "$(TARGET_NAME)";
				SWIFT_EMIT_LOC_STRINGS = YES;
				SWIFT_VERSION = 5.0;
				TARGETED_DEVICE_FAMILY = "1,2";
			};
			name = Debug;
		};
		F0D75B92296AD05B00009D26 /* Release */ = {
			isa = XCBuildConfiguration;
			buildSettings = {
				ASSETCATALOG_COMPILER_APPICON_NAME = AppIcon;
				ASSETCATALOG_COMPILER_GLOBAL_ACCENT_COLOR_NAME = AccentColor;
				CODE_SIGN_STYLE = Automatic;
				CURRENT_PROJECT_VERSION = 1;
				DEVELOPMENT_TEAM = 775TRJCG6B;
				GENERATE_INFOPLIST_FILE = YES;
				INFOPLIST_FILE = "Netflix Clone/Info.plist";
				INFOPLIST_KEY_UIApplicationSupportsIndirectInputEvents = YES;
				INFOPLIST_KEY_UILaunchStoryboardName = LaunchScreen;
				INFOPLIST_KEY_UISupportedInterfaceOrientations_iPad = "UIInterfaceOrientationPortrait UIInterfaceOrientationPortraitUpsideDown UIInterfaceOrientationLandscapeLeft UIInterfaceOrientationLandscapeRight";
				INFOPLIST_KEY_UISupportedInterfaceOrientations_iPhone = "UIInterfaceOrientationPortrait UIInterfaceOrientationLandscapeLeft UIInterfaceOrientationLandscapeRight";
				LD_RUNPATH_SEARCH_PATHS = (
					"$(inherited)",
					"@executable_path/Frameworks",
				);
				MARKETING_VERSION = 1.0;
				PRODUCT_BUNDLE_IDENTIFIER = "com.umutbariscoskun.Netflix-Clone";
				PRODUCT_NAME = "$(TARGET_NAME)";
				SWIFT_EMIT_LOC_STRINGS = YES;
				SWIFT_VERSION = 5.0;
				TARGETED_DEVICE_FAMILY = "1,2";
			};
			name = Release;
		};
/* End XCBuildConfiguration section */

/* Begin XCConfigurationList section */
		F0D75B77296AD05A00009D26 /* Build configuration list for PBXProject "Netflix Clone" */ = {
			isa = XCConfigurationList;
			buildConfigurations = (
				F0D75B8E296AD05B00009D26 /* Debug */,
				F0D75B8F296AD05B00009D26 /* Release */,
			);
			defaultConfigurationIsVisible = 0;
			defaultConfigurationName = Release;
		};
		F0D75B90296AD05B00009D26 /* Build configuration list for PBXNativeTarget "Netflix Clone" */ = {
			isa = XCConfigurationList;
			buildConfigurations = (
				F0D75B91296AD05B00009D26 /* Debug */,
				F0D75B92296AD05B00009D26 /* Release */,
			);
			defaultConfigurationIsVisible = 0;
			defaultConfigurationName = Release;
		};
/* End XCConfigurationList section */
	};
	rootObject = F0D75B74296AD05A00009D26 /* Project object */;
}
